
Microsoft Visual Studio Solution File, Format Version 12.00
# Visual Studio Version 18
VisualStudioVersion = 18.3.11527.330 d18.3
MinimumVisualStudioVersion = 10.0.40219.1
Project("{8BC9CEB8-8B4A-11D0-8D11-00A0C91BC942}") = "StaffManagement", "StaffManagement.vcxproj", "{DF502B75-73AC-40E0-B9BA-8EA6E5159A6C}"
EndProject
Global
	GlobalSection(SolutionConfigurationPlatforms) = preSolution
		Debug|x64 = Debug|x64
		Debug|x86 = Debug|x86
		Release|x64 = Release|x64
		Release|x86 = Release|x86
	EndGlobalSection
	GlobalSection(ProjectConfigurationPlatforms) = postSolution
		{DF502B75-73AC-40E0-B9BA-8EA6E5159A6C}.Debug|x64.ActiveCfg = Debug|x64
		{DF502B75-73AC-40E0-B9BA-8EA6E5159A6C}.Debug|x64.Build.0 = Debug|x64
		{DF502B75-73AC-40E0-B9BA-8EA6E5159A6C}.Debug|x86.ActiveCfg = Debug|Win32
		{DF502B75-73AC-40E0-B9BA-8EA6E5159A6C}.Debug|x86.Build.0 = Debug|Win32
		{DF502B75-73AC-40E0-B9BA-8EA6E5159A6C}.Release|x64.ActiveCfg = Release|x64
		{DF502B75-73AC-40E0-B9BA-8EA6E5159A6C}.Release|x64.Build.0 = Release|x64
		{DF502B75-73AC-40E0-B9BA-8EA6E5159A6C}.Release|x86.ActiveCfg = Release|Win32
		{DF502B75-73AC-40E0-B9BA-8EA6E5159A6C}.Release|x86.Build.0 = Release|Win32
	EndGlobalSection
	GlobalSection(SolutionProperties) = preSolution
		HideSolutionNode = FALSE
	EndGlobalSection
	GlobalSection(ExtensibilityGlobals) = postSolution
		SolutionGuid = {4CF830C6-2AB9-49D0-855C-DF9D1BC50BB5}
	EndGlobalSection
EndGlobal
